{
  "name": "cli-ai",
  "version": "1.0.0",
  "lockfileVersion": 3,
  "requires": true,
  "packages": {
    "": {
      "name": "cli-ai",
      "version": "1.0.0",
      "license": "ISC",
      "dependencies": {
        "@clack/prompts": "^0.7.0",
        "commander": "^12.1.0"
      },
      "bin": {
        "cli-ai": "dist/index.js"
      },
      "devDependencies": {
        "@types/node": "^22.9.0"
      }
    },
    "node_modules/@clack/core": {
      "version": "0.3.4",
      "resolved": "https://registry.npmjs.org/@clack/core/-/core-0.3.4.tgz",
      "integrity": "sha512-H4hxZDXgHtWTwV3RAVenqcC4VbJZNegbBjlPvzOzCouXtS2y3sDvlO3IsbrPNWuLWPPlYVYPghQdSF64683Ldw==",
      "license": "MIT",
      "dependencies": {
        "picocolors": "^1.0.0",
        "sisteransi": "^1.0.5"
      }
    },
    "node_modules/@clack/prompts": {
      "version": "0.7.0",
      "resolved": "https://registry.npmjs.org/@clack/prompts/-/prompts-0.7.0.tgz",
      "integrity": "sha512-0MhX9/B4iL6Re04jPrttDm+BsP8y6mS7byuv0BvXgdXhbV5PdlsHt55dvNsuBCPZ7xq1oTAOOuotR9NFbQyMSA==",
      "bundleDependencies": [
        "is-unicode-supported"
      ],
      "license": "MIT",
      "dependencies": {
        "@clack/core": "^0.3.3",
        "is-unicode-supported": "*",
        "picocolors": "^1.0.0",
        "sisteransi": "^1.0.5"
      }
    },
    "node_modules/@clack/prompts/node_modules/is-unicode-supported": {
      "version": "1.3.0",
      "inBundle": true,
      "license": "MIT",
      "engines": {
        "node": ">=12"
      },
      "funding": {
        "url": "https://github.com/sponsors/sindresorhus"
      }
    },
    "node_modules/@types/node": {
      "version": "22.9.0",
      "resolved": "https://registry.npmjs.org/@types/node/-/node-22.9.0.tgz",
      "integrity": "sha512-vuyHg81vvWA1Z1ELfvLko2c8f34gyA0zaic0+Rllc5lbCnbSyuvb2Oxpm6TAUAC/2xZN3QGqxBNggD1nNR2AfQ==",
      "dev": true,
      "license": "MIT",
      "dependencies": {
        "undici-types": "~6.19.8"
      }
    },
    "node_modules/commander": {
      "version": "12.1.0",
      "resolved": "https://registry.npmjs.org/commander/-/commander-12.1.0.tgz",
      "integrity": "sha512-Vw8qHK3bZM9y/P10u3Vib8o/DdkvA2OtPtZvD871QKjy74Wj1WSKFILMPRPSdUSx5RFK1arlJzEtA4PkFgnbuA==",
      "license": "MIT",
      "engines": {
        "node": ">=18"
      }
    },
    "node_modules/picocolors": {
      "version": "1.1.1",
      "resolved": "https://registry.npmjs.org/picocolors/-/picocolors-1.1.1.tgz",
      "integrity": "sha512-xceH2snhtb5M9liqDsmEw56le376mTZkEX/jEb/RxNFyegNul7eNslCXP9FDj/Lcu0X8KEyMceP2ntpaHrDEVA==",
      "license": "ISC"
    },
    "node_modules/sisteransi": {
      "version": "1.0.5",
      "resolved": "https://registry.npmjs.org/sisteransi/-/sisteransi-1.0.5.tgz",
      "integrity": "sha512-bLGGlR1QxBcynn2d5YmDX4MGjlZvy2MRBDRNHLJ8VI6l6+9FUiyTFNJ0IveOSP0bcXgVDPRcfGqA0pjaqUpfVg==",
      "license": "MIT"
    },
    "node_modules/undici-types": {
      "version": "6.19.8",
      "resolved": "https://registry.npmjs.org/undici-types/-/undici-types-6.19.8.tgz",
      "integrity": "sha512-ve2KP6f/JnbPBFyobGHuerC9g1FYGn/F8n1LWTwNxCEzd6IfqTwUQcNXgEtmmQ6DlRrC1hrSrBnCZPokRrDHjw==",
      "dev": true,
      "license": "MIT"
    }
  }
}
